
Microsoft Visual Studio Solution File, Format Version 12.00
# Visual Studio Version 17
VisualStudioVersion = 17.2.32630.192
MinimumVisualStudioVersion = 10.0.40219.1
Project("{9A19103F-16F7-4668-BE54-9A1E7A4F7556}") = "NWSourceViewer", "NWSourceViewer\NWSourceViewer.csproj", "{282EE95C-9A45-4FBE-BDE5-4D2EA9416D3E}"
EndProject
Project("{9A19103F-16F7-4668-BE54-9A1E7A4F7556}") = "NWSourceViewer.UnitTests", "test\NWSourceViewer.UnitTests\NWSourceViewer.UnitTests.csproj", "{C83F5AA0-9D30-465C-BFA6-A9690430B112}"
EndProject
Global
	GlobalSection(SolutionConfigurationPlatforms) = preSolution
		Debug|Any CPU = Debug|Any CPU
		Release|Any CPU = Release|Any CPU
	EndGlobalSection
	GlobalSection(ProjectConfigurationPlatforms) = postSolution
		{282EE95C-9A45-4FBE-BDE5-4D2EA9416D3E}.Debug|Any CPU.ActiveCfg = Debug|Any CPU
		{282EE95C-9A45-4FBE-BDE5-4D2EA9416D3E}.Debug|Any CPU.Build.0 = Debug|Any CPU
		{282EE95C-9A45-4FBE-BDE5-4D2EA9416D3E}.Release|Any CPU.ActiveCfg = Release|Any CPU
		{282EE95C-9A45-4FBE-BDE5-4D2EA9416D3E}.Release|Any CPU.Build.0 = Release|Any CPU
		{C83F5AA0-9D30-465C-BFA6-A9690430B112}.Debug|Any CPU.ActiveCfg = Debug|Any CPU
		{C83F5AA0-9D30-465C-BFA6-A9690430B112}.Debug|Any CPU.Build.0 = Debug|Any CPU
		{C83F5AA0-9D30-465C-BFA6-A9690430B112}.Release|Any CPU.ActiveCfg = Release|Any CPU
		{C83F5AA0-9D30-465C-BFA6-A9690430B112}.Release|Any CPU.Build.0 = Release|Any CPU
	EndGlobalSection
	GlobalSection(SolutionProperties) = preSolution
		HideSolutionNode = FALSE
	EndGlobalSection
	GlobalSection(ExtensibilityGlobals) = postSolution
		SolutionGuid = {D236BC72-7B1E-4D37-9F49-3BA3550A23BF}
	EndGlobalSection
EndGlobal
